
Microsoft Visual Studio Solution File, Format Version 12.00
# Visual Studio Version 17
VisualStudioVersion = 17.14.36414.22
MinimumVisualStudioVersion = 10.0.40219.1
Project("{FAE04EC0-301F-11D3-BF4B-00C04F79EFBC}") = "DataBinding.ElementoXAML", "DataBinding.ElementoXAML\DataBinding.ElementoXAML.csproj", "{8ABE7C82-3B32-427F-99C1-0C38F0CE27A5}"
EndProject
Project("{FAE04EC0-301F-11D3-BF4B-00C04F79EFBC}") = "DataBindings.ObjetosDeDatos", "DataBindings.ObjetosDeDatos\DataBindings.ObjetosDeDatos.csproj", "{1D0A90CC-F7B3-4379-8084-FA16C0DDE95B}"
EndProject
Project("{FAE04EC0-301F-11D3-BF4B-00C04F79EFBC}") = "DataBindings.Coleccion", "DataBindings.Coleccion\DataBindings.Coleccion.csproj", "{B3ED59ED-9A9B-48E8-931E-46EF675F5B6A}"
EndProject
Global
	GlobalSection(SolutionConfigurationPlatforms) = preSolution
		Debug|Any CPU = Debug|Any CPU
		Release|Any CPU = Release|Any CPU
	EndGlobalSection
	GlobalSection(ProjectConfigurationPlatforms) = postSolution
		{8ABE7C82-3B32-427F-99C1-0C38F0CE27A5}.Debug|Any CPU.ActiveCfg = Debug|Any CPU
		{8ABE7C82-3B32-427F-99C1-0C38F0CE27A5}.Debug|Any CPU.Build.0 = Debug|Any CPU
		{8ABE7C82-3B32-427F-99C1-0C38F0CE27A5}.Debug|Any CPU.Deploy.0 = Debug|Any CPU
		{8ABE7C82-3B32-427F-99C1-0C38F0CE27A5}.Release|Any CPU.ActiveCfg = Release|Any CPU
		{8ABE7C82-3B32-427F-99C1-0C38F0CE27A5}.Release|Any CPU.Build.0 = Release|Any CPU
		{1D0A90CC-F7B3-4379-8084-FA16C0DDE95B}.Debug|Any CPU.ActiveCfg = Debug|Any CPU
		{1D0A90CC-F7B3-4379-8084-FA16C0DDE95B}.Debug|Any CPU.Build.0 = Debug|Any CPU
		{1D0A90CC-F7B3-4379-8084-FA16C0DDE95B}.Release|Any CPU.ActiveCfg = Release|Any CPU
		{1D0A90CC-F7B3-4379-8084-FA16C0DDE95B}.Release|Any CPU.Build.0 = Release|Any CPU
		{B3ED59ED-9A9B-48E8-931E-46EF675F5B6A}.Debug|Any CPU.ActiveCfg = Debug|Any CPU
		{B3ED59ED-9A9B-48E8-931E-46EF675F5B6A}.Debug|Any CPU.Build.0 = Debug|Any CPU
		{B3ED59ED-9A9B-48E8-931E-46EF675F5B6A}.Debug|Any CPU.Deploy.0 = Debug|Any CPU
		{B3ED59ED-9A9B-48E8-931E-46EF675F5B6A}.Release|Any CPU.ActiveCfg = Release|Any CPU
		{B3ED59ED-9A9B-48E8-931E-46EF675F5B6A}.Release|Any CPU.Build.0 = Release|Any CPU
	EndGlobalSection
	GlobalSection(SolutionProperties) = preSolution
		HideSolutionNode = FALSE
	EndGlobalSection
	GlobalSection(ExtensibilityGlobals) = postSolution
		SolutionGuid = {FA2C6951-F6B5-4EB2-9B4D-3F586B22411A}
	EndGlobalSection
EndGlobal
